// !$*UTF8*$!
{
	archiveVersion = 1;
	classes = {
	};
	objectVersion = 55;
	objects = {

/* Begin PBXBuildFile section */
		88AC07322933BFEE00FFAF97 /* Lesson_2_VC.swift in Sources */ = {isa = PBXBuildFile; fileRef = 88AC07312933BFEE00FFAF97 /* Lesson_2_VC.swift */; };
		88AC07342933C06000FFAF97 /* Add.metal in Sources */ = {isa = PBXBuildFile; fileRef = 88AC07332933C06000FFAF97 /* Add.metal */; };
		88AC07372933CEC700FFAF97 /* UIColor+Metal.swift in Sources */ = {isa = PBXBuildFile; fileRef = 88AC07362933CEC700FFAF97 /* UIColor+Metal.swift */; };
		88AC07392933CFDB00FFAF97 /* Colors.swift in Sources */ = {isa = PBXBuildFile; fileRef = 88AC07382933CFDB00FFAF97 /* Colors.swift */; };
		88AC073B2933E14100FFAF97 /* UIColor+Hex.swift in Sources */ = {isa = PBXBuildFile; fileRef = 88AC073A2933E14100FFAF97 /* UIColor+Hex.swift */; };
		88AC073D2933E17E00FFAF97 /* GenerateColors.swift in Sources */ = {isa = PBXBuildFile; fileRef = 88AC073C2933E17E00FFAF97 /* GenerateColors.swift */; };
		88AC073F2933E1A000FFAF97 /* PaletteGenerator.swift in Sources */ = {isa = PBXBuildFile; fileRef = 88AC073E2933E1A000FFAF97 /* PaletteGenerator.swift */; };
		88AC07412933E20300FFAF97 /* String+Case.swift in Sources */ = {isa = PBXBuildFile; fileRef = 88AC07402933E20300FFAF97 /* String+Case.swift */; };
		88C573A5293263A30089A095 /* AppDelegate.swift in Sources */ = {isa = PBXBuildFile; fileRef = 88C573A4293263A30089A095 /* AppDelegate.swift */; };
		88C573A7293263A30089A095 /* SceneDelegate.swift in Sources */ = {isa = PBXBuildFile; fileRef = 88C573A6293263A30089A095 /* SceneDelegate.swift */; };
		88C573A9293263A30089A095 /* Lesson_1_VC.swift in Sources */ = {isa = PBXBuildFile; fileRef = 88C573A8293263A30089A095 /* Lesson_1_VC.swift */; };
		88C573AE293263A30089A095 /* Assets.xcassets in Resources */ = {isa = PBXBuildFile; fileRef = 88C573AD293263A30089A095 /* Assets.xcassets */; };
		88C573B1293263A30089A095 /* LaunchScreen.storyboard in Resources */ = {isa = PBXBuildFile; fileRef = 88C573AF293263A30089A095 /* LaunchScreen.storyboard */; };
		88C573BB293265F70089A095 /* EntryPoint.swift in Sources */ = {isa = PBXBuildFile; fileRef = 88C573BA293265F70089A095 /* EntryPoint.swift */; };
		88C573BD29327E960089A095 /* Shaders.metal in Sources */ = {isa = PBXBuildFile; fileRef = 88C573BC29327E960089A095 /* Shaders.metal */; };
		88C573C22932952A0089A095 /* ColoredShaders.metal in Sources */ = {isa = PBXBuildFile; fileRef = 88C573C12932952A0089A095 /* ColoredShaders.metal */; };
/* End PBXBuildFile section */

/* Begin PBXFileReference section */
		88AC07312933BFEE00FFAF97 /* Lesson_2_VC.swift */ = {isa = PBXFileReference; lastKnownFileType = sourcecode.swift; path = Lesson_2_VC.swift; sourceTree = "<group>"; };
		88AC07332933C06000FFAF97 /* Add.metal */ = {isa = PBXFileReference; lastKnownFileType = sourcecode.metal; path = Add.metal; sourceTree = "<group>"; };
		88AC07362933CEC700FFAF97 /* UIColor+Metal.swift */ = {isa = PBXFileReference; lastKnownFileType = sourcecode.swift; path = "UIColor+Metal.swift"; sourceTree = "<group>"; };
		88AC07382933CFDB00FFAF97 /* Colors.swift */ = {isa = PBXFileReference; lastKnownFileType = sourcecode.swift; path = Colors.swift; sourceTree = "<group>"; };
		88AC073A2933E14100FFAF97 /* UIColor+Hex.swift */ = {isa = PBXFileReference; lastKnownFileType = sourcecode.swift; path = "UIColor+Hex.swift"; sourceTree = "<group>"; };
		88AC073C2933E17E00FFAF97 /* GenerateColors.swift */ = {isa = PBXFileReference; lastKnownFileType = sourcecode.swift; path = GenerateColors.swift; sourceTree = "<group>"; };
		88AC073E2933E1A000FFAF97 /* PaletteGenerator.swift */ = {isa = PBXFileReference; lastKnownFileType = sourcecode.swift; path = PaletteGenerator.swift; sourceTree = "<group>"; };
		88AC07402933E20300FFAF97 /* String+Case.swift */ = {isa = PBXFileReference; lastKnownFileType = sourcecode.swift; path = "String+Case.swift"; sourceTree = "<group>"; };
		88C573A1293263A30089A095 /* MetalLearning.app */ = {isa = PBXFileReference; explicitFileType = wrapper.application; includeInIndex = 0; path = MetalLearning.app; sourceTree = BUILT_PRODUCTS_DIR; };
		88C573A4293263A30089A095 /* AppDelegate.swift */ = {isa = PBXFileReference; lastKnownFileType = sourcecode.swift; path = AppDelegate.swift; sourceTree = "<group>"; };
		88C573A6293263A30089A095 /* SceneDelegate.swift */ = {isa = PBXFileReference; lastKnownFileType = sourcecode.swift; path = SceneDelegate.swift; sourceTree = "<group>"; };
		88C573A8293263A30089A095 /* Lesson_1_VC.swift */ = {isa = PBXFileReference; lastKnownFileType = sourcecode.swift; path = Lesson_1_VC.swift; sourceTree = "<group>"; };
		88C573AD293263A30089A095 /* Assets.xcassets */ = {isa = PBXFileReference; lastKnownFileType = folder.assetcatalog; path = Assets.xcassets; sourceTree = "<group>"; };
		88C573B0293263A30089A095 /* Base */ = {isa = PBXFileReference; lastKnownFileType = file.storyboard; name = Base; path = Base.lproj/LaunchScreen.storyboard; sourceTree = "<group>"; };
		88C573B2293263A30089A095 /* Info.plist */ = {isa = PBXFileReference; lastKnownFileType = text.plist.xml; path = Info.plist; sourceTree = "<group>"; };
		88C573BA293265F70089A095 /* EntryPoint.swift */ = {isa = PBXFileReference; lastKnownFileType = sourcecode.swift; path = EntryPoint.swift; sourceTree = "<group>"; };
		88C573BC29327E960089A095 /* Shaders.metal */ = {isa = PBXFileReference; lastKnownFileType = sourcecode.metal; path = Shaders.metal; sourceTree = "<group>"; };
		88C573C12932952A0089A095 /* ColoredShaders.metal */ = {isa = PBXFileReference; lastKnownFileType = sourcecode.metal; path = ColoredShaders.metal; sourceTree = "<group>"; };
		88C573C7293299980089A095 /* ColoredShaders.h */ = {isa = PBXFileReference; lastKnownFileType = sourcecode.c.h; path = ColoredShaders.h; sourceTree = "<group>"; };
		88C573C829329C950089A095 /* MetalLearning-Bridging-Header.h */ = {isa = PBXFileReference; lastKnownFileType = sourcecode.c.h; path = "MetalLearning-Bridging-Header.h"; sourceTree = "<group>"; };
/* End PBXFileReference section */

/* Begin PBXFrameworksBuildPhase section */
		88C5739E293263A30089A095 /* Frameworks */ = {
			isa = PBXFrameworksBuildPhase;
			buildActionMask = 2147483647;
			files = (
			);
			runOnlyForDeploymentPostprocessing = 0;
		};
/* End PBXFrameworksBuildPhase section */

/* Begin PBXGroup section */
		88AC07302933BFDB00FFAF97 /* Lesson2 */ = {
			isa = PBXGroup;
			children = (
				88AC07312933BFEE00FFAF97 /* Lesson_2_VC.swift */,
				88AC07332933C06000FFAF97 /* Add.metal */,
			);
			name = Lesson2;
			sourceTree = "<group>";
		};
		88AC07352933CEB600FFAF97 /* Utilites */ = {
			isa = PBXGroup;
			children = (
				88AC07422933E21F00FFAF97 /* Helpers */,
				88AC07362933CEC700FFAF97 /* UIColor+Metal.swift */,
				88AC073A2933E14100FFAF97 /* UIColor+Hex.swift */,
				88AC07402933E20300FFAF97 /* String+Case.swift */,
			);
			name = Utilites;
			sourceTree = "<group>";
		};
		88AC07422933E21F00FFAF97 /* Helpers */ = {
			isa = PBXGroup;
			children = (
				88AC073E2933E1A000FFAF97 /* PaletteGenerator.swift */,
				88AC073C2933E17E00FFAF97 /* GenerateColors.swift */,
			);
			name = Helpers;
			sourceTree = "<group>";
		};
		88AC07432933E22A00FFAF97 /* Data */ = {
			isa = PBXGroup;
			children = (
				88AC07382933CFDB00FFAF97 /* Colors.swift */,
			);
			name = Data;
			sourceTree = "<group>";
		};
		88C57398293263A30089A095 = {
			isa = PBXGroup;
			children = (
				88C573A3293263A30089A095 /* MetalLearning */,
				88C573A2293263A30089A095 /* Products */,
			);
			sourceTree = "<group>";
		};
		88C573A2293263A30089A095 /* Products */ = {
			isa = PBXGroup;
			children = (
				88C573A1293263A30089A095 /* MetalLearning.app */,
			);
			name = Products;
			sourceTree = "<group>";
		};
		88C573A3293263A30089A095 /* MetalLearning */ = {
			isa = PBXGroup;
			children = (
				88C573BA293265F70089A095 /* EntryPoint.swift */,
				88C573B9293265AD0089A095 /* Lesson1 */,
				88AC07302933BFDB00FFAF97 /* Lesson2 */,
				88AC07352933CEB600FFAF97 /* Utilites */,
				88AC07432933E22A00FFAF97 /* Data */,
				88C573B8293265980089A095 /* Support */,
			);
			path = MetalLearning;
			sourceTree = "<group>";
		};
		88C573B8293265980089A095 /* Support */ = {
			isa = PBXGroup;
			children = (
				88C573A4293263A30089A095 /* AppDelegate.swift */,
				88C573A6293263A30089A095 /* SceneDelegate.swift */,
				88C573AD293263A30089A095 /* Assets.xcassets */,
				88C573AF293263A30089A095 /* LaunchScreen.storyboard */,
				88C573B2293263A30089A095 /* Info.plist */,
				88C573C829329C950089A095 /* MetalLearning-Bridging-Header.h */,
			);
			name = Support;
			sourceTree = "<group>";
		};
		88C573B9293265AD0089A095 /* Lesson1 */ = {
			isa = PBXGroup;
			children = (
				88C573A8293263A30089A095 /* Lesson_1_VC.swift */,
				88C573BC29327E960089A095 /* Shaders.metal */,
				88C573C7293299980089A095 /* ColoredShaders.h */,
				88C573C12932952A0089A095 /* ColoredShaders.metal */,
			);
			name = Lesson1;
			sourceTree = "<group>";
		};
/* End PBXGroup section */

/* Begin PBXNativeTarget section */
		88C573A0293263A30089A095 /* MetalLearning */ = {
			isa = PBXNativeTarget;
			buildConfigurationList = 88C573B5293263A30089A095 /* Build configuration list for PBXNativeTarget "MetalLearning" */;
			buildPhases = (
				88C5739D293263A30089A095 /* Sources */,
				88C5739E293263A30089A095 /* Frameworks */,
				88C5739F293263A30089A095 /* Resources */,
			);
			buildRules = (
			);
			dependencies = (
			);
			name = MetalLearning;
			productName = MetalLearning;
			productReference = 88C573A1293263A30089A095 /* MetalLearning.app */;
			productType = "com.apple.product-type.application";
		};
/* End PBXNativeTarget section */

/* Begin PBXProject section */
		88C57399293263A30089A095 /* Project object */ = {
			isa = PBXProject;
			attributes = {
				BuildIndependentTargetsInParallel = 1;
				LastSwiftUpdateCheck = 1340;
				LastUpgradeCheck = 1340;
				TargetAttributes = {
					88C573A0293263A30089A095 = {
						CreatedOnToolsVersion = 13.4;
					};
				};
			};
			buildConfigurationList = 88C5739C293263A30089A095 /* Build configuration list for PBXProject "MetalLearning" */;
			compatibilityVersion = "Xcode 13.0";
			developmentRegion = en;
			hasScannedForEncodings = 0;
			knownRegions = (
				en,
				Base,
			);
			mainGroup = 88C57398293263A30089A095;
			productRefGroup = 88C573A2293263A30089A095 /* Products */;
			projectDirPath = "";
			projectRoot = "";
			targets = (
				88C573A0293263A30089A095 /* MetalLearning */,
			);
		};
/* End PBXProject section */

/* Begin PBXResourcesBuildPhase section */
		88C5739F293263A30089A095 /* Resources */ = {
			isa = PBXResourcesBuildPhase;
			buildActionMask = 2147483647;
			files = (
				88C573B1293263A30089A095 /* LaunchScreen.storyboard in Resources */,
				88C573AE293263A30089A095 /* Assets.xcassets in Resources */,
			);
			runOnlyForDeploymentPostprocessing = 0;
		};
/* End PBXResourcesBuildPhase section */

/* Begin PBXSourcesBuildPhase section */
		88C5739D293263A30089A095 /* Sources */ = {
			isa = PBXSourcesBuildPhase;
			buildActionMask = 2147483647;
			files = (
				88AC07412933E20300FFAF97 /* String+Case.swift in Sources */,
				88C573A9293263A30089A095 /* Lesson_1_VC.swift in Sources */,
				88AC07392933CFDB00FFAF97 /* Colors.swift in Sources */,
				88C573A5293263A30089A095 /* AppDelegate.swift in Sources */,
				88C573A7293263A30089A095 /* SceneDelegate.swift in Sources */,
				88AC073D2933E17E00FFAF97 /* GenerateColors.swift in Sources */,
				88AC07342933C06000FFAF97 /* Add.metal in Sources */,
				88AC073B2933E14100FFAF97 /* UIColor+Hex.swift in Sources */,
				88C573C22932952A0089A095 /* ColoredShaders.metal in Sources */,
				88AC07322933BFEE00FFAF97 /* Lesson_2_VC.swift in Sources */,
				88C573BB293265F70089A095 /* EntryPoint.swift in Sources */,
				88AC07372933CEC700FFAF97 /* UIColor+Metal.swift in Sources */,
				88C573BD29327E960089A095 /* Shaders.metal in Sources */,
				88AC073F2933E1A000FFAF97 /* PaletteGenerator.swift in Sources */,
			);
			runOnlyForDeploymentPostprocessing = 0;
		};
/* End PBXSourcesBuildPhase section */

/* Begin PBXVariantGroup section */
		88C573AF293263A30089A095 /* LaunchScreen.storyboard */ = {
			isa = PBXVariantGroup;
			children = (
				88C573B0293263A30089A095 /* Base */,
			);
			name = LaunchScreen.storyboard;
			sourceTree = "<group>";
		};
/* End PBXVariantGroup section */

/* Begin XCBuildConfiguration section */
		88C573B3293263A30089A095 /* Debug */ = {
			isa = XCBuildConfiguration;
			buildSettings = {
				ALWAYS_SEARCH_USER_PATHS = NO;
				CLANG_ANALYZER_NONNULL = YES;
				CLANG_ANALYZER_NUMBER_OBJECT_CONVERSION = YES_AGGRESSIVE;
				CLANG_CXX_LANGUAGE_STANDARD = "gnu++17";
				CLANG_ENABLE_MODULES = YES;
				CLANG_ENABLE_OBJC_ARC = YES;
				CLANG_ENABLE_OBJC_WEAK = YES;
				CLANG_WARN_BLOCK_CAPTURE_AUTORELEASING = YES;
				CLANG_WARN_BOOL_CONVERSION = YES;
				CLANG_WARN_COMMA = YES;
				CLANG_WARN_CONSTANT_CONVERSION = YES;
				CLANG_WARN_DEPRECATED_OBJC_IMPLEMENTATIONS = YES;
				CLANG_WARN_DIRECT_OBJC_ISA_USAGE = YES_ERROR;
				CLANG_WARN_DOCUMENTATION_COMMENTS = YES;
				CLANG_WARN_EMPTY_BODY = YES;
				CLANG_WARN_ENUM_CONVERSION = YES;
				CLANG_WARN_INFINITE_RECURSION = YES;
				CLANG_WARN_INT_CONVERSION = YES;
				CLANG_WARN_NON_LITERAL_NULL_CONVERSION = YES;
				CLANG_WARN_OBJC_IMPLICIT_RETAIN_SELF = YES;
				CLANG_WARN_OBJC_LITERAL_CONVERSION = YES;
				CLANG_WARN_OBJC_ROOT_CLASS = YES_ERROR;
				CLANG_WARN_QUOTED_INCLUDE_IN_FRAMEWORK_HEADER = YES;
				CLANG_WARN_RANGE_LOOP_ANALYSIS = YES;
				CLANG_WARN_STRICT_PROTOTYPES = YES;
				CLANG_WARN_SUSPICIOUS_MOVE = YES;
				CLANG_WARN_UNGUARDED_AVAILABILITY = YES_AGGRESSIVE;
				CLANG_WARN_UNREACHABLE_CODE = YES;
				CLANG_WARN__DUPLICATE_METHOD_MATCH = YES;
				COPY_PHASE_STRIP = NO;
				DEBUG_INFORMATION_FORMAT = dwarf;
				ENABLE_STRICT_OBJC_MSGSEND = YES;
				ENABLE_TESTABILITY = YES;
				GCC_C_LANGUAGE_STANDARD = gnu11;
				GCC_DYNAMIC_NO_PIC = NO;
				GCC_NO_COMMON_BLOCKS = YES;
				GCC_OPTIMIZATION_LEVEL = 0;
				GCC_PREPROCESSOR_DEFINITIONS = (
					"DEBUG=1",
					"$(inherited)",
				);
				GCC_WARN_64_TO_32_BIT_CONVERSION = YES;
				GCC_WARN_ABOUT_RETURN_TYPE = YES_ERROR;
				GCC_WARN_UNDECLARED_SELECTOR = YES;
				GCC_WARN_UNINITIALIZED_AUTOS = YES_AGGRESSIVE;
				GCC_WARN_UNUSED_FUNCTION = YES;
				GCC_WARN_UNUSED_VARIABLE = YES;
				IPHONEOS_DEPLOYMENT_TARGET = 15.5;
				MTL_ENABLE_DEBUG_INFO = INCLUDE_SOURCE;
				MTL_FAST_MATH = YES;
				ONLY_ACTIVE_ARCH = YES;
				SDKROOT = iphoneos;
				SWIFT_ACTIVE_COMPILATION_CONDITIONS = DEBUG;
				SWIFT_OBJC_BRIDGING_HEADER = "Triangle-Bridging-Header";
				SWIFT_OPTIMIZATION_LEVEL = "-Onone";
			};
			name = Debug;
		};
		88C573B4293263A30089A095 /* Release */ = {
			isa = XCBuildConfiguration;
			buildSettings = {
				ALWAYS_SEARCH_USER_PATHS = NO;
				CLANG_ANALYZER_NONNULL = YES;
				CLANG_ANALYZER_NUMBER_OBJECT_CONVERSION = YES_AGGRESSIVE;
				CLANG_CXX_LANGUAGE_STANDARD = "gnu++17";
				CLANG_ENABLE_MODULES = YES;
				CLANG_ENABLE_OBJC_ARC = YES;
				CLANG_ENABLE_OBJC_WEAK = YES;
				CLANG_WARN_BLOCK_CAPTURE_AUTORELEASING = YES;
				CLANG_WARN_BOOL_CONVERSION = YES;
				CLANG_WARN_COMMA = YES;
				CLANG_WARN_CONSTANT_CONVERSION = YES;
				CLANG_WARN_DEPRECATED_OBJC_IMPLEMENTATIONS = YES;
				CLANG_WARN_DIRECT_OBJC_ISA_USAGE = YES_ERROR;
				CLANG_WARN_DOCUMENTATION_COMMENTS = YES;
				CLANG_WARN_EMPTY_BODY = YES;
				CLANG_WARN_ENUM_CONVERSION = YES;
				CLANG_WARN_INFINITE_RECURSION = YES;
				CLANG_WARN_INT_CONVERSION = YES;
				CLANG_WARN_NON_LITERAL_NULL_CONVERSION = YES;
				CLANG_WARN_OBJC_IMPLICIT_RETAIN_SELF = YES;
				CLANG_WARN_OBJC_LITERAL_CONVERSION = YES;
				CLANG_WARN_OBJC_ROOT_CLASS = YES_ERROR;
				CLANG_WARN_QUOTED_INCLUDE_IN_FRAMEWORK_HEADER = YES;
				CLANG_WARN_RANGE_LOOP_ANALYSIS = YES;
				CLANG_WARN_STRICT_PROTOTYPES = YES;
				CLANG_WARN_SUSPICIOUS_MOVE = YES;
				CLANG_WARN_UNGUARDED_AVAILABILITY = YES_AGGRESSIVE;
				CLANG_WARN_UNREACHABLE_CODE = YES;
				CLANG_WARN__DUPLICATE_METHOD_MATCH = YES;
				COPY_PHASE_STRIP = NO;
				DEBUG_INFORMATION_FORMAT = "dwarf-with-dsym";
				ENABLE_NS_ASSERTIONS = NO;
				ENABLE_STRICT_OBJC_MSGSEND = YES;
				GCC_C_LANGUAGE_STANDARD = gnu11;
				GCC_NO_COMMON_BLOCKS = YES;
				GCC_WARN_64_TO_32_BIT_CONVERSION = YES;
				GCC_WARN_ABOUT_RETURN_TYPE = YES_ERROR;
				GCC_WARN_UNDECLARED_SELECTOR = YES;
				GCC_WARN_UNINITIALIZED_AUTOS = YES_AGGRESSIVE;
				GCC_WARN_UNUSED_FUNCTION = YES;
				GCC_WARN_UNUSED_VARIABLE = YES;
				IPHONEOS_DEPLOYMENT_TARGET = 15.5;
				MTL_ENABLE_DEBUG_INFO = NO;
				MTL_FAST_MATH = YES;
				SDKROOT = iphoneos;
				SWIFT_COMPILATION_MODE = wholemodule;
				SWIFT_OBJC_BRIDGING_HEADER = "Triangle-Bridging-Header";
				SWIFT_OPTIMIZATION_LEVEL = "-O";
				VALIDATE_PRODUCT = YES;
			};
			name = Release;
		};
		88C573B6293263A30089A095 /* Debug */ = {
			isa = XCBuildConfiguration;
			buildSettings = {
				ASSETCATALOG_COMPILER_APPICON_NAME = AppIcon;
				ASSETCATALOG_COMPILER_GLOBAL_ACCENT_COLOR_NAME = AccentColor;
				CODE_SIGN_STYLE = Automatic;
				CURRENT_PROJECT_VERSION = 1;
				DEVELOPMENT_TEAM = 68427LK7H9;
				GENERATE_INFOPLIST_FILE = YES;
				INFOPLIST_FILE = MetalLearning/Info.plist;
				INFOPLIST_KEY_UIApplicationSupportsIndirectInputEvents = YES;
				INFOPLIST_KEY_UILaunchStoryboardName = LaunchScreen;
				INFOPLIST_KEY_UISupportedInterfaceOrientations_iPad = "UIInterfaceOrientationPortrait UIInterfaceOrientationPortraitUpsideDown UIInterfaceOrientationLandscapeLeft UIInterfaceOrientationLandscapeRight";
				INFOPLIST_KEY_UISupportedInterfaceOrientations_iPhone = "UIInterfaceOrientationPortrait UIInterfaceOrientationLandscapeLeft UIInterfaceOrientationLandscapeRight";
				LD_RUNPATH_SEARCH_PATHS = (
					"$(inherited)",
					"@executable_path/Frameworks",
				);
				MARKETING_VERSION = 1.0;
				PRODUCT_BUNDLE_IDENTIFIER = some.MetalLearning;
				PRODUCT_NAME = "$(TARGET_NAME)";
				SWIFT_EMIT_LOC_STRINGS = YES;
				SWIFT_OBJC_BRIDGING_HEADER = "MetalLearning/MetalLearning-Bridging-Header.h";
				SWIFT_VERSION = 5.0;
				TARGETED_DEVICE_FAMILY = "1,2";
			};
			name = Debug;
		};
		88C573B7293263A30089A095 /* Release */ = {
			isa = XCBuildConfiguration;
			buildSettings = {
				ASSETCATALOG_COMPILER_APPICON_NAME = AppIcon;
				ASSETCATALOG_COMPILER_GLOBAL_ACCENT_COLOR_NAME = AccentColor;
				CODE_SIGN_STYLE = Automatic;
				CURRENT_PROJECT_VERSION = 1;
				DEVELOPMENT_TEAM = 68427LK7H9;
				GENERATE_INFOPLIST_FILE = YES;
				INFOPLIST_FILE = MetalLearning/Info.plist;
				INFOPLIST_KEY_UIApplicationSupportsIndirectInputEvents = YES;
				INFOPLIST_KEY_UILaunchStoryboardName = LaunchScreen;
				INFOPLIST_KEY_UISupportedInterfaceOrientations_iPad = "UIInterfaceOrientationPortrait UIInterfaceOrientationPortraitUpsideDown UIInterfaceOrientationLandscapeLeft UIInterfaceOrientationLandscapeRight";
				INFOPLIST_KEY_UISupportedInterfaceOrientations_iPhone = "UIInterfaceOrientationPortrait UIInterfaceOrientationLandscapeLeft UIInterfaceOrientationLandscapeRight";
				LD_RUNPATH_SEARCH_PATHS = (
					"$(inherited)",
					"@executable_path/Frameworks",
				);
				MARKETING_VERSION = 1.0;
				PRODUCT_BUNDLE_IDENTIFIER = some.MetalLearning;
				PRODUCT_NAME = "$(TARGET_NAME)";
				SWIFT_EMIT_LOC_STRINGS = YES;
				SWIFT_OBJC_BRIDGING_HEADER = "MetalLearning/MetalLearning-Bridging-Header.h";
				SWIFT_VERSION = 5.0;
				TARGETED_DEVICE_FAMILY = "1,2";
			};
			name = Release;
		};
/* End XCBuildConfiguration section */

/* Begin XCConfigurationList section */
		88C5739C293263A30089A095 /* Build configuration list for PBXProject "MetalLearning" */ = {
			isa = XCConfigurationList;
			buildConfigurations = (
				88C573B3293263A30089A095 /* Debug */,
				88C573B4293263A30089A095 /* Release */,
			);
			defaultConfigurationIsVisible = 0;
			defaultConfigurationName = Release;
		};
		88C573B5293263A30089A095 /* Build configuration list for PBXNativeTarget "MetalLearning" */ = {
			isa = XCConfigurationList;
			buildConfigurations = (
				88C573B6293263A30089A095 /* Debug */,
				88C573B7293263A30089A095 /* Release */,
			);
			defaultConfigurationIsVisible = 0;
			defaultConfigurationName = Release;
		};
/* End XCConfigurationList section */
	};
	rootObject = 88C57399293263A30089A095 /* Project object */;
}
